
Microsoft Visual Studio Solution File, Format Version 12.00
# Visual Studio Version 17
VisualStudioVersion = 17.7.34202.233
MinimumVisualStudioVersion = 10.0.40219.1
Project("{888888A0-9F3D-457C-B088-3A5042F75D52}") = "BasicCalculator", "BasicCalculator\BasicCalculator.pyproj", "{850CC971-E766-475B-8CA3-00DB3EA3634F}"
EndProject
Global
	GlobalSection(SolutionConfigurationPlatforms) = preSolution
		Debug|Any CPU = Debug|Any CPU
		Release|Any CPU = Release|Any CPU
	EndGlobalSection
	GlobalSection(ProjectConfigurationPlatforms) = postSolution
		{850CC971-E766-475B-8CA3-00DB3EA3634F}.Debug|Any CPU.ActiveCfg = Debug|Any CPU
		{850CC971-E766-475B-8CA3-00DB3EA3634F}.Release|Any CPU.ActiveCfg = Release|Any CPU
	EndGlobalSection
	GlobalSection(SolutionProperties) = preSolution
		HideSolutionNode = FALSE
	EndGlobalSection
	GlobalSection(ExtensibilityGlobals) = postSolution
		SolutionGuid = {86773A24-8198-4437-BFEC-3915138C0A09}
	EndGlobalSection
EndGlobal
